
Microsoft Visual Studio Solution File, Format Version 12.00
# Visual Studio Version 17
VisualStudioVersion = 17.3.32929.385
MinimumVisualStudioVersion = 10.0.40219.1
Project("{9A19103F-16F7-4668-BE54-9A1E7A4F7556}") = "Asteroid", "Asteroid\Asteroid.csproj", "{1717886C-EF42-422E-B538-2E65D721A58A}"
EndProject
Project("{FAE04EC0-301F-11D3-BF4B-00C04F79EFBC}") = "Core", "Core\Core.csproj", "{16CD2844-CF9B-4A50-877C-12F1EA8F26D3}"
EndProject
Global
	GlobalSection(SolutionConfigurationPlatforms) = preSolution
		Debug|Any CPU = Debug|Any CPU
		Release|Any CPU = Release|Any CPU
	EndGlobalSection
	GlobalSection(ProjectConfigurationPlatforms) = postSolution
		{1717886C-EF42-422E-B538-2E65D721A58A}.Debug|Any CPU.ActiveCfg = Debug|Any CPU
		{1717886C-EF42-422E-B538-2E65D721A58A}.Debug|Any CPU.Build.0 = Debug|Any CPU
		{1717886C-EF42-422E-B538-2E65D721A58A}.Release|Any CPU.ActiveCfg = Release|Any CPU
		{1717886C-EF42-422E-B538-2E65D721A58A}.Release|Any CPU.Build.0 = Release|Any CPU
		{16CD2844-CF9B-4A50-877C-12F1EA8F26D3}.Debug|Any CPU.ActiveCfg = Debug|Any CPU
		{16CD2844-CF9B-4A50-877C-12F1EA8F26D3}.Debug|Any CPU.Build.0 = Debug|Any CPU
		{16CD2844-CF9B-4A50-877C-12F1EA8F26D3}.Release|Any CPU.ActiveCfg = Release|Any CPU
		{16CD2844-CF9B-4A50-877C-12F1EA8F26D3}.Release|Any CPU.Build.0 = Release|Any CPU
	EndGlobalSection
	GlobalSection(SolutionProperties) = preSolution
		HideSolutionNode = FALSE
	EndGlobalSection
	GlobalSection(ExtensibilityGlobals) = postSolution
		SolutionGuid = {093234EF-55B3-4EF4-9B09-96B2B2466894}
	EndGlobalSection
EndGlobal
